{
  "name": "steganography",
  "version": "1.0.0",
  "lockfileVersion": 2,
  "requires": true,
  "packages": {
    "": {
      "name": "steganography",
      "version": "1.0.0",
      "license": "ISC",
      "dependencies": {
        "any-steganography": "^1.1.2"
      }
    },
    "node_modules/any-steganography": {
      "version": "1.1.2",
      "resolved": "https://registry.npmjs.org/any-steganography/-/any-steganography-1.1.2.tgz",
      "integrity": "sha512-EA9laktyS6G11m3EjFUHdB6TGWt1uM0bSx7UBI5RkFIYFYB1+tTpgHm+QgIrtqA2Q9zwLAuxU8fWzhF1rcHTbA=="
    }
  },
  "dependencies": {
    "any-steganography": {
      "version": "1.1.2",
      "resolved": "https://registry.npmjs.org/any-steganography/-/any-steganography-1.1.2.tgz",
      "integrity": "sha512-EA9laktyS6G11m3EjFUHdB6TGWt1uM0bSx7UBI5RkFIYFYB1+tTpgHm+QgIrtqA2Q9zwLAuxU8fWzhF1rcHTbA=="
    }
  }
}
